// !$*UTF8*$!
{
	archiveVersion = 1;
	classes = {
	};
	objectVersion = 46;
	objects = {

/* Begin PBXBuildFile section */
		0E4BEF861C572A80006D1D3C /* InterestingTips.swift in Sources */ = {isa = PBXBuildFile; fileRef = 0E4BEF851C572A80006D1D3C /* InterestingTips.swift */; };
		0E5680061C5977EF00DD267C /* Fabric.framework in Frameworks */ = {isa = PBXBuildFile; fileRef = 0E5680041C5977EF00DD267C /* Fabric.framework */; };
		0E5680071C5977EF00DD267C /* Crashlytics.framework in Frameworks */ = {isa = PBXBuildFile; fileRef = 0E5680051C5977EF00DD267C /* Crashlytics.framework */; };
		0E6249441C6F786700629372 /* StructAndClass.swift in Sources */ = {isa = PBXBuildFile; fileRef = 0E6249431C6F786700629372 /* StructAndClass.swift */; };
		0E6448E31C4C01DC001419AF /* Collections.swift in Sources */ = {isa = PBXBuildFile; fileRef = 0E6448E21C4C01DC001419AF /* Collections.swift */; };
		0EEA23921C45E7F8006B1313 /* AppDelegate.swift in Sources */ = {isa = PBXBuildFile; fileRef = 0EEA23911C45E7F8006B1313 /* AppDelegate.swift */; };
		0EEA23941C45E7F8006B1313 /* ViewController.swift in Sources */ = {isa = PBXBuildFile; fileRef = 0EEA23931C45E7F8006B1313 /* ViewController.swift */; };
		0EEA23971C45E7F8006B1313 /* Main.storyboard in Resources */ = {isa = PBXBuildFile; fileRef = 0EEA23951C45E7F8006B1313 /* Main.storyboard */; };
		0EEA23991C45E7F8006B1313 /* Assets.xcassets in Resources */ = {isa = PBXBuildFile; fileRef = 0EEA23981C45E7F8006B1313 /* Assets.xcassets */; };
		0EEA239C1C45E7F8006B1313 /* LaunchScreen.storyboard in Resources */ = {isa = PBXBuildFile; fileRef = 0EEA239A1C45E7F8006B1313 /* LaunchScreen.storyboard */; };
		0EEA23A71C45E7F8006B1313 /* AdvancedSwiftPracticeTests.swift in Sources */ = {isa = PBXBuildFile; fileRef = 0EEA23A61C45E7F8006B1313 /* AdvancedSwiftPracticeTests.swift */; };
		0EEA23B21C45E7F8006B1313 /* AdvancedSwiftPracticeUITests.swift in Sources */ = {isa = PBXBuildFile; fileRef = 0EEA23B11C45E7F8006B1313 /* AdvancedSwiftPracticeUITests.swift */; };
		0EEA23C11C45F939006B1313 /* introduction.swift in Sources */ = {isa = PBXBuildFile; fileRef = 0EEA23C01C45F939006B1313 /* introduction.swift */; };
/* End PBXBuildFile section */

/* Begin PBXContainerItemProxy section */
		0EEA23A31C45E7F8006B1313 /* PBXContainerItemProxy */ = {
			isa = PBXContainerItemProxy;
			containerPortal = 0EEA23861C45E7F7006B1313 /* Project object */;
			proxyType = 1;
			remoteGlobalIDString = 0EEA238D1C45E7F8006B1313;
			remoteInfo = AdvancedSwiftPractice;
		};
		0EEA23AE1C45E7F8006B1313 /* PBXContainerItemProxy */ = {
			isa = PBXContainerItemProxy;
			containerPortal = 0EEA23861C45E7F7006B1313 /* Project object */;
			proxyType = 1;
			remoteGlobalIDString = 0EEA238D1C45E7F8006B1313;
			remoteInfo = AdvancedSwiftPractice;
		};
/* End PBXContainerItemProxy section */

/* Begin PBXFileReference section */
		0E4BEF851C572A80006D1D3C /* InterestingTips.swift */ = {isa = PBXFileReference; fileEncoding = 4; lastKnownFileType = sourcecode.swift; path = InterestingTips.swift; sourceTree = "<group>"; };
		0E5680041C5977EF00DD267C /* Fabric.framework */ = {isa = PBXFileReference; lastKnownFileType = wrapper.framework; path = Fabric.framework; sourceTree = "<group>"; };
		0E5680051C5977EF00DD267C /* Crashlytics.framework */ = {isa = PBXFileReference; lastKnownFileType = wrapper.framework; path = Crashlytics.framework; sourceTree = "<group>"; };
		0E6249431C6F786700629372 /* StructAndClass.swift */ = {isa = PBXFileReference; fileEncoding = 4; lastKnownFileType = sourcecode.swift; path = StructAndClass.swift; sourceTree = "<group>"; };
		0E6448E21C4C01DC001419AF /* Collections.swift */ = {isa = PBXFileReference; fileEncoding = 4; lastKnownFileType = sourcecode.swift; name = Collections.swift; path = Sources/Collections.swift; sourceTree = "<group>"; };
		0EEA238E1C45E7F8006B1313 /* AdvancedSwiftPractice.app */ = {isa = PBXFileReference; explicitFileType = wrapper.application; includeInIndex = 0; path = AdvancedSwiftPractice.app; sourceTree = BUILT_PRODUCTS_DIR; };
		0EEA23911C45E7F8006B1313 /* AppDelegate.swift */ = {isa = PBXFileReference; lastKnownFileType = sourcecode.swift; path = AppDelegate.swift; sourceTree = "<group>"; };
		0EEA23931C45E7F8006B1313 /* ViewController.swift */ = {isa = PBXFileReference; lastKnownFileType = sourcecode.swift; path = ViewController.swift; sourceTree = "<group>"; };
		0EEA23961C45E7F8006B1313 /* Base */ = {isa = PBXFileReference; lastKnownFileType = file.storyboard; name = Base; path = Base.lproj/Main.storyboard; sourceTree = "<group>"; };
		0EEA23981C45E7F8006B1313 /* Assets.xcassets */ = {isa = PBXFileReference; lastKnownFileType = folder.assetcatalog; path = Assets.xcassets; sourceTree = "<group>"; };
		0EEA239B1C45E7F8006B1313 /* Base */ = {isa = PBXFileReference; lastKnownFileType = file.storyboard; name = Base; path = Base.lproj/LaunchScreen.storyboard; sourceTree = "<group>"; };
		0EEA239D1C45E7F8006B1313 /* Info.plist */ = {isa = PBXFileReference; lastKnownFileType = text.plist.xml; path = Info.plist; sourceTree = "<group>"; };
		0EEA23A21C45E7F8006B1313 /* AdvancedSwiftPracticeTests.xctest */ = {isa = PBXFileReference; explicitFileType = wrapper.cfbundle; includeInIndex = 0; path = AdvancedSwiftPracticeTests.xctest; sourceTree = BUILT_PRODUCTS_DIR; };
		0EEA23A61C45E7F8006B1313 /* AdvancedSwiftPracticeTests.swift */ = {isa = PBXFileReference; lastKnownFileType = sourcecode.swift; path = AdvancedSwiftPracticeTests.swift; sourceTree = "<group>"; };
		0EEA23A81C45E7F8006B1313 /* Info.plist */ = {isa = PBXFileReference; lastKnownFileType = text.plist.xml; path = Info.plist; sourceTree = "<group>"; };
		0EEA23AD1C45E7F8006B1313 /* AdvancedSwiftPracticeUITests.xctest */ = {isa = PBXFileReference; explicitFileType = wrapper.cfbundle; includeInIndex = 0; path = AdvancedSwiftPracticeUITests.xctest; sourceTree = BUILT_PRODUCTS_DIR; };
		0EEA23B11C45E7F8006B1313 /* AdvancedSwiftPracticeUITests.swift */ = {isa = PBXFileReference; lastKnownFileType = sourcecode.swift; path = AdvancedSwiftPracticeUITests.swift; sourceTree = "<group>"; };
		0EEA23B31C45E7F8006B1313 /* Info.plist */ = {isa = PBXFileReference; lastKnownFileType = text.plist.xml; path = Info.plist; sourceTree = "<group>"; };
		0EEA23C01C45F939006B1313 /* introduction.swift */ = {isa = PBXFileReference; fileEncoding = 4; lastKnownFileType = sourcecode.swift; name = introduction.swift; path = Sources/introduction.swift; sourceTree = "<group>"; };
/* End PBXFileReference section */

/* Begin PBXFrameworksBuildPhase section */
		0EEA238B1C45E7F8006B1313 /* Frameworks */ = {
			isa = PBXFrameworksBuildPhase;
			buildActionMask = 2147483647;
			files = (
				0E5680071C5977EF00DD267C /* Crashlytics.framework in Frameworks */,
				0E5680061C5977EF00DD267C /* Fabric.framework in Frameworks */,
			);
			runOnlyForDeploymentPostprocessing = 0;
		};
		0EEA239F1C45E7F8006B1313 /* Frameworks */ = {
			isa = PBXFrameworksBuildPhase;
			buildActionMask = 2147483647;
			files = (
			);
			runOnlyForDeploymentPostprocessing = 0;
		};
		0EEA23AA1C45E7F8006B1313 /* Frameworks */ = {
			isa = PBXFrameworksBuildPhase;
			buildActionMask = 2147483647;
			files = (
			);
			runOnlyForDeploymentPostprocessing = 0;
		};
/* End PBXFrameworksBuildPhase section */

/* Begin PBXGroup section */
		0EEA23851C45E7F7006B1313 = {
			isa = PBXGroup;
			children = (
				0E5680041C5977EF00DD267C /* Fabric.framework */,
				0E5680051C5977EF00DD267C /* Crashlytics.framework */,
				0EEA23901C45E7F8006B1313 /* AdvancedSwiftPractice */,
				0EEA23A51C45E7F8006B1313 /* AdvancedSwiftPracticeTests */,
				0EEA23B01C45E7F8006B1313 /* AdvancedSwiftPracticeUITests */,
				0EEA238F1C45E7F8006B1313 /* Products */,
			);
			sourceTree = "<group>";
		};
		0EEA238F1C45E7F8006B1313 /* Products */ = {
			isa = PBXGroup;
			children = (
				0EEA238E1C45E7F8006B1313 /* AdvancedSwiftPractice.app */,
				0EEA23A21C45E7F8006B1313 /* AdvancedSwiftPracticeTests.xctest */,
				0EEA23AD1C45E7F8006B1313 /* AdvancedSwiftPracticeUITests.xctest */,
			);
			name = Products;
			sourceTree = "<group>";
		};
		0EEA23901C45E7F8006B1313 /* AdvancedSwiftPractice */ = {
			isa = PBXGroup;
			children = (
				0EEA23BF1C45F6BC006B1313 /* Sources */,
				0EEA23911C45E7F8006B1313 /* AppDelegate.swift */,
				0EEA23931C45E7F8006B1313 /* ViewController.swift */,
				0EEA23951C45E7F8006B1313 /* Main.storyboard */,
				0EEA23981C45E7F8006B1313 /* Assets.xcassets */,
				0EEA239A1C45E7F8006B1313 /* LaunchScreen.storyboard */,
				0EEA239D1C45E7F8006B1313 /* Info.plist */,
			);
			path = AdvancedSwiftPractice;
			sourceTree = "<group>";
		};
		0EEA23A51C45E7F8006B1313 /* AdvancedSwiftPracticeTests */ = {
			isa = PBXGroup;
			children = (
				0EEA23A61C45E7F8006B1313 /* AdvancedSwiftPracticeTests.swift */,
				0EEA23A81C45E7F8006B1313 /* Info.plist */,
			);
			path = AdvancedSwiftPracticeTests;
			sourceTree = "<group>";
		};
		0EEA23B01C45E7F8006B1313 /* AdvancedSwiftPracticeUITests */ = {
			isa = PBXGroup;
			children = (
				0EEA23B11C45E7F8006B1313 /* AdvancedSwiftPracticeUITests.swift */,
				0EEA23B31C45E7F8006B1313 /* Info.plist */,
			);
			path = AdvancedSwiftPracticeUITests;
			sourceTree = "<group>";
		};
		0EEA23BF1C45F6BC006B1313 /* Sources */ = {
			isa = PBXGroup;
			children = (
				0E6448E21C4C01DC001419AF /* Collections.swift */,
				0EEA23C01C45F939006B1313 /* introduction.swift */,
				0E4BEF851C572A80006D1D3C /* InterestingTips.swift */,
				0E6249431C6F786700629372 /* StructAndClass.swift */,
			);
			name = Sources;
			sourceTree = "<group>";
		};
/* End PBXGroup section */

/* Begin PBXNativeTarget section */
		0EEA238D1C45E7F8006B1313 /* AdvancedSwiftPractice */ = {
			isa = PBXNativeTarget;
			buildConfigurationList = 0EEA23B61C45E7F8006B1313 /* Build configuration list for PBXNativeTarget "AdvancedSwiftPractice" */;
			buildPhases = (
				0EEA238A1C45E7F8006B1313 /* Sources */,
				0EEA238B1C45E7F8006B1313 /* Frameworks */,
				0EEA238C1C45E7F8006B1313 /* Resources */,
				0E5680031C5977C600DD267C /* ShellScript */,
			);
			buildRules = (
			);
			dependencies = (
			);
			name = AdvancedSwiftPractice;
			productName = AdvancedSwiftPractice;
			productReference = 0EEA238E1C45E7F8006B1313 /* AdvancedSwiftPractice.app */;
			productType = "com.apple.product-type.application";
		};
		0EEA23A11C45E7F8006B1313 /* AdvancedSwiftPracticeTests */ = {
			isa = PBXNativeTarget;
			buildConfigurationList = 0EEA23B91C45E7F8006B1313 /* Build configuration list for PBXNativeTarget "AdvancedSwiftPracticeTests" */;
			buildPhases = (
				0EEA239E1C45E7F8006B1313 /* Sources */,
				0EEA239F1C45E7F8006B1313 /* Frameworks */,
				0EEA23A01C45E7F8006B1313 /* Resources */,
			);
			buildRules = (
			);
			dependencies = (
				0EEA23A41C45E7F8006B1313 /* PBXTargetDependency */,
			);
			name = AdvancedSwiftPracticeTests;
			productName = AdvancedSwiftPracticeTests;
			productReference = 0EEA23A21C45E7F8006B1313 /* AdvancedSwiftPracticeTests.xctest */;
			productType = "com.apple.product-type.bundle.unit-test";
		};
		0EEA23AC1C45E7F8006B1313 /* AdvancedSwiftPracticeUITests */ = {
			isa = PBXNativeTarget;
			buildConfigurationList = 0EEA23BC1C45E7F8006B1313 /* Build configuration list for PBXNativeTarget "AdvancedSwiftPracticeUITests" */;
			buildPhases = (
				0EEA23A91C45E7F8006B1313 /* Sources */,
				0EEA23AA1C45E7F8006B1313 /* Frameworks */,
				0EEA23AB1C45E7F8006B1313 /* Resources */,
			);
			buildRules = (
			);
			dependencies = (
				0EEA23AF1C45E7F8006B1313 /* PBXTargetDependency */,
			);
			name = AdvancedSwiftPracticeUITests;
			productName = AdvancedSwiftPracticeUITests;
			productReference = 0EEA23AD1C45E7F8006B1313 /* AdvancedSwiftPracticeUITests.xctest */;
			productType = "com.apple.product-type.bundle.ui-testing";
		};
/* End PBXNativeTarget section */

/* Begin PBXProject section */
		0EEA23861C45E7F7006B1313 /* Project object */ = {
			isa = PBXProject;
			attributes = {
				LastSwiftUpdateCheck = 0720;
				LastUpgradeCheck = 0720;
				ORGANIZATIONNAME = "yansong li";
				TargetAttributes = {
					0EEA238D1C45E7F8006B1313 = {
						CreatedOnToolsVersion = 7.2;
					};
					0EEA23A11C45E7F8006B1313 = {
						CreatedOnToolsVersion = 7.2;
						TestTargetID = 0EEA238D1C45E7F8006B1313;
					};
					0EEA23AC1C45E7F8006B1313 = {
						CreatedOnToolsVersion = 7.2;
						TestTargetID = 0EEA238D1C45E7F8006B1313;
					};
				};
			};
			buildConfigurationList = 0EEA23891C45E7F7006B1313 /* Build configuration list for PBXProject "AdvancedSwiftPractice" */;
			compatibilityVersion = "Xcode 3.2";
			developmentRegion = English;
			hasScannedForEncodings = 0;
			knownRegions = (
				en,
				Base,
			);
			mainGroup = 0EEA23851C45E7F7006B1313;
			productRefGroup = 0EEA238F1C45E7F8006B1313 /* Products */;
			projectDirPath = "";
			projectRoot = "";
			targets = (
				0EEA238D1C45E7F8006B1313 /* AdvancedSwiftPractice */,
				0EEA23A11C45E7F8006B1313 /* AdvancedSwiftPracticeTests */,
				0EEA23AC1C45E7F8006B1313 /* AdvancedSwiftPracticeUITests */,
			);
		};
/* End PBXProject section */

/* Begin PBXResourcesBuildPhase section */
		0EEA238C1C45E7F8006B1313 /* Resources */ = {
			isa = PBXResourcesBuildPhase;
			buildActionMask = 2147483647;
			files = (
				0EEA239C1C45E7F8006B1313 /* LaunchScreen.storyboard in Resources */,
				0EEA23991C45E7F8006B1313 /* Assets.xcassets in Resources */,
				0EEA23971C45E7F8006B1313 /* Main.storyboard in Resources */,
			);
			runOnlyForDeploymentPostprocessing = 0;
		};
		0EEA23A01C45E7F8006B1313 /* Resources */ = {
			isa = PBXResourcesBuildPhase;
			buildActionMask = 2147483647;
			files = (
			);
			runOnlyForDeploymentPostprocessing = 0;
		};
		0EEA23AB1C45E7F8006B1313 /* Resources */ = {
			isa = PBXResourcesBuildPhase;
			buildActionMask = 2147483647;
			files = (
			);
			runOnlyForDeploymentPostprocessing = 0;
		};
/* End PBXResourcesBuildPhase section */

/* Begin PBXShellScriptBuildPhase section */
		0E5680031C5977C600DD267C /* ShellScript */ = {
			isa = PBXShellScriptBuildPhase;
			buildActionMask = 2147483647;
			files = (
			);
			inputPaths = (
			);
			outputPaths = (
			);
			runOnlyForDeploymentPostprocessing = 0;
			shellPath = /bin/sh;
			shellScript = "./Fabric.framework/run 4b4d8d06b50329b6e53de491e29771f7b8257ab0 3e8876d700c1b160d3b4e895b69c2c7d895cd7fd851c56ddcb62b9ffae17bfcd";
		};
/* End PBXShellScriptBuildPhase section */

/* Begin PBXSourcesBuildPhase section */
		0EEA238A1C45E7F8006B1313 /* Sources */ = {
			isa = PBXSourcesBuildPhase;
			buildActionMask = 2147483647;
			files = (
				0EEA23941C45E7F8006B1313 /* ViewController.swift in Sources */,
				0EEA23C11C45F939006B1313 /* introduction.swift in Sources */,
				0EEA23921C45E7F8006B1313 /* AppDelegate.swift in Sources */,
				0E4BEF861C572A80006D1D3C /* InterestingTips.swift in Sources */,
				0E6448E31C4C01DC001419AF /* Collections.swift in Sources */,
				0E6249441C6F786700629372 /* StructAndClass.swift in Sources */,
			);
			runOnlyForDeploymentPostprocessing = 0;
		};
		0EEA239E1C45E7F8006B1313 /* Sources */ = {
			isa = PBXSourcesBuildPhase;
			buildActionMask = 2147483647;
			files = (
				0EEA23A71C45E7F8006B1313 /* AdvancedSwiftPracticeTests.swift in Sources */,
			);
			runOnlyForDeploymentPostprocessing = 0;
		};
		0EEA23A91C45E7F8006B1313 /* Sources */ = {
			isa = PBXSourcesBuildPhase;
			buildActionMask = 2147483647;
			files = (
				0EEA23B21C45E7F8006B1313 /* AdvancedSwiftPracticeUITests.swift in Sources */,
			);
			runOnlyForDeploymentPostprocessing = 0;
		};
/* End PBXSourcesBuildPhase section */

/* Begin PBXTargetDependency section */
		0EEA23A41C45E7F8006B1313 /* PBXTargetDependency */ = {
			isa = PBXTargetDependency;
			target = 0EEA238D1C45E7F8006B1313 /* AdvancedSwiftPractice */;
			targetProxy = 0EEA23A31C45E7F8006B1313 /* PBXContainerItemProxy */;
		};
		0EEA23AF1C45E7F8006B1313 /* PBXTargetDependency */ = {
			isa = PBXTargetDependency;
			target = 0EEA238D1C45E7F8006B1313 /* AdvancedSwiftPractice */;
			targetProxy = 0EEA23AE1C45E7F8006B1313 /* PBXContainerItemProxy */;
		};
/* End PBXTargetDependency section */

/* Begin PBXVariantGroup section */
		0EEA23951C45E7F8006B1313 /* Main.storyboard */ = {
			isa = PBXVariantGroup;
			children = (
				0EEA23961C45E7F8006B1313 /* Base */,
			);
			name = Main.storyboard;
			sourceTree = "<group>";
		};
		0EEA239A1C45E7F8006B1313 /* LaunchScreen.storyboard */ = {
			isa = PBXVariantGroup;
			children = (
				0EEA239B1C45E7F8006B1313 /* Base */,
			);
			name = LaunchScreen.storyboard;
			sourceTree = "<group>";
		};
/* End PBXVariantGroup section */

/* Begin XCBuildConfiguration section */
		0EEA23B41C45E7F8006B1313 /* Debug */ = {
			isa = XCBuildConfiguration;
			buildSettings = {
				ALWAYS_SEARCH_USER_PATHS = NO;
				CLANG_CXX_LANGUAGE_STANDARD = "gnu++0x";
				CLANG_CXX_LIBRARY = "libc++";
				CLANG_ENABLE_MODULES = YES;
				CLANG_ENABLE_OBJC_ARC = YES;
				CLANG_WARN_BOOL_CONVERSION = YES;
				CLANG_WARN_CONSTANT_CONVERSION = YES;
				CLANG_WARN_DIRECT_OBJC_ISA_USAGE = YES_ERROR;
				CLANG_WARN_EMPTY_BODY = YES;
				CLANG_WARN_ENUM_CONVERSION = YES;
				CLANG_WARN_INT_CONVERSION = YES;
				CLANG_WARN_OBJC_ROOT_CLASS = YES_ERROR;
				CLANG_WARN_UNREACHABLE_CODE = YES;
				CLANG_WARN__DUPLICATE_METHOD_MATCH = YES;
				"CODE_SIGN_IDENTITY[sdk=iphoneos*]" = "iPhone Developer";
				COPY_PHASE_STRIP = NO;
				DEBUG_INFORMATION_FORMAT = dwarf;
				ENABLE_STRICT_OBJC_MSGSEND = YES;
				ENABLE_TESTABILITY = YES;
				GCC_C_LANGUAGE_STANDARD = gnu99;
				GCC_DYNAMIC_NO_PIC = NO;
				GCC_NO_COMMON_BLOCKS = YES;
				GCC_OPTIMIZATION_LEVEL = 0;
				GCC_PREPROCESSOR_DEFINITIONS = (
					"DEBUG=1",
					"$(inherited)",
				);
				GCC_WARN_64_TO_32_BIT_CONVERSION = YES;
				GCC_WARN_ABOUT_RETURN_TYPE = YES_ERROR;
				GCC_WARN_UNDECLARED_SELECTOR = YES;
				GCC_WARN_UNINITIALIZED_AUTOS = YES_AGGRESSIVE;
				GCC_WARN_UNUSED_FUNCTION = YES;
				GCC_WARN_UNUSED_VARIABLE = YES;
				IPHONEOS_DEPLOYMENT_TARGET = 9.2;
				MTL_ENABLE_DEBUG_INFO = YES;
				ONLY_ACTIVE_ARCH = YES;
				SDKROOT = iphoneos;
				SWIFT_OPTIMIZATION_LEVEL = "-Onone";
				TARGETED_DEVICE_FAMILY = "1,2";
			};
			name = Debug;
		};
		0EEA23B51C45E7F8006B1313 /* Release */ = {
			isa = XCBuildConfiguration;
			buildSettings = {
				ALWAYS_SEARCH_USER_PATHS = NO;
				CLANG_CXX_LANGUAGE_STANDARD = "gnu++0x";
				CLANG_CXX_LIBRARY = "libc++";
				CLANG_ENABLE_MODULES = YES;
				CLANG_ENABLE_OBJC_ARC = YES;
				CLANG_WARN_BOOL_CONVERSION = YES;
				CLANG_WARN_CONSTANT_CONVERSION = YES;
				CLANG_WARN_DIRECT_OBJC_ISA_USAGE = YES_ERROR;
				CLANG_WARN_EMPTY_BODY = YES;
				CLANG_WARN_ENUM_CONVERSION = YES;
				CLANG_WARN_INT_CONVERSION = YES;
				CLANG_WARN_OBJC_ROOT_CLASS = YES_ERROR;
				CLANG_WARN_UNREACHABLE_CODE = YES;
				CLANG_WARN__DUPLICATE_METHOD_MATCH = YES;
				"CODE_SIGN_IDENTITY[sdk=iphoneos*]" = "iPhone Developer";
				COPY_PHASE_STRIP = NO;
				DEBUG_INFORMATION_FORMAT = "dwarf-with-dsym";
				ENABLE_NS_ASSERTIONS = NO;
				ENABLE_STRICT_OBJC_MSGSEND = YES;
				GCC_C_LANGUAGE_STANDARD = gnu99;
				GCC_NO_COMMON_BLOCKS = YES;
				GCC_WARN_64_TO_32_BIT_CONVERSION = YES;
				GCC_WARN_ABOUT_RETURN_TYPE = YES_ERROR;
				GCC_WARN_UNDECLARED_SELECTOR = YES;
				GCC_WARN_UNINITIALIZED_AUTOS = YES_AGGRESSIVE;
				GCC_WARN_UNUSED_FUNCTION = YES;
				GCC_WARN_UNUSED_VARIABLE = YES;
				IPHONEOS_DEPLOYMENT_TARGET = 9.2;
				MTL_ENABLE_DEBUG_INFO = NO;
				SDKROOT = iphoneos;
				TARGETED_DEVICE_FAMILY = "1,2";
				VALIDATE_PRODUCT = YES;
			};
			name = Release;
		};
		0EEA23B71C45E7F8006B1313 /* Debug */ = {
			isa = XCBuildConfiguration;
			buildSettings = {
				ASSETCATALOG_COMPILER_APPICON_NAME = AppIcon;
				FRAMEWORK_SEARCH_PATHS = (
					"$(inherited)",
					"$(PROJECT_DIR)",
				);
				INFOPLIST_FILE = AdvancedSwiftPractice/Info.plist;
				LD_RUNPATH_SEARCH_PATHS = "$(inherited) @executable_path/Frameworks";
				PRODUCT_BUNDLE_IDENTIFIER = com.yansong.AdvancedSwiftPractice;
				PRODUCT_NAME = "$(TARGET_NAME)";
			};
			name = Debug;
		};
		0EEA23B81C45E7F8006B1313 /* Release */ = {
			isa = XCBuildConfiguration;
			buildSettings = {
				ASSETCATALOG_COMPILER_APPICON_NAME = AppIcon;
				FRAMEWORK_SEARCH_PATHS = (
					"$(inherited)",
					"$(PROJECT_DIR)",
				);
				INFOPLIST_FILE = AdvancedSwiftPractice/Info.plist;
				LD_RUNPATH_SEARCH_PATHS = "$(inherited) @executable_path/Frameworks";
				PRODUCT_BUNDLE_IDENTIFIER = com.yansong.AdvancedSwiftPractice;
				PRODUCT_NAME = "$(TARGET_NAME)";
			};
			name = Release;
		};
		0EEA23BA1C45E7F8006B1313 /* Debug */ = {
			isa = XCBuildConfiguration;
			buildSettings = {
				BUNDLE_LOADER = "$(TEST_HOST)";
				INFOPLIST_FILE = AdvancedSwiftPracticeTests/Info.plist;
				LD_RUNPATH_SEARCH_PATHS = "$(inherited) @executable_path/Frameworks @loader_path/Frameworks";
				PRODUCT_BUNDLE_IDENTIFIER = com.yansong.AdvancedSwiftPracticeTests;
				PRODUCT_NAME = "$(TARGET_NAME)";
				TEST_HOST = "$(BUILT_PRODUCTS_DIR)/AdvancedSwiftPractice.app/AdvancedSwiftPractice";
			};
			name = Debug;
		};
		0EEA23BB1C45E7F8006B1313 /* Release */ = {
			isa = XCBuildConfiguration;
			buildSettings = {
				BUNDLE_LOADER = "$(TEST_HOST)";
				INFOPLIST_FILE = AdvancedSwiftPracticeTests/Info.plist;
				LD_RUNPATH_SEARCH_PATHS = "$(inherited) @executable_path/Frameworks @loader_path/Frameworks";
				PRODUCT_BUNDLE_IDENTIFIER = com.yansong.AdvancedSwiftPracticeTests;
				PRODUCT_NAME = "$(TARGET_NAME)";
				TEST_HOST = "$(BUILT_PRODUCTS_DIR)/AdvancedSwiftPractice.app/AdvancedSwiftPractice";
			};
			name = Release;
		};
		0EEA23BD1C45E7F8006B1313 /* Debug */ = {
			isa = XCBuildConfiguration;
			buildSettings = {
				INFOPLIST_FILE = AdvancedSwiftPracticeUITests/Info.plist;
				LD_RUNPATH_SEARCH_PATHS = "$(inherited) @executable_path/Frameworks @loader_path/Frameworks";
				PRODUCT_BUNDLE_IDENTIFIER = com.yansong.AdvancedSwiftPracticeUITests;
				PRODUCT_NAME = "$(TARGET_NAME)";
				TEST_TARGET_NAME = AdvancedSwiftPractice;
				USES_XCTRUNNER = YES;
			};
			name = Debug;
		};
		0EEA23BE1C45E7F8006B1313 /* Release */ = {
			isa = XCBuildConfiguration;
			buildSettings = {
				INFOPLIST_FILE = AdvancedSwiftPracticeUITests/Info.plist;
				LD_RUNPATH_SEARCH_PATHS = "$(inherited) @executable_path/Frameworks @loader_path/Frameworks";
				PRODUCT_BUNDLE_IDENTIFIER = com.yansong.AdvancedSwiftPracticeUITests;
				PRODUCT_NAME = "$(TARGET_NAME)";
				TEST_TARGET_NAME = AdvancedSwiftPractice;
				USES_XCTRUNNER = YES;
			};
			name = Release;
		};
/* End XCBuildConfiguration section */

/* Begin XCConfigurationList section */
		0EEA23891C45E7F7006B1313 /* Build configuration list for PBXProject "AdvancedSwiftPractice" */ = {
			isa = XCConfigurationList;
			buildConfigurations = (
				0EEA23B41C45E7F8006B1313 /* Debug */,
				0EEA23B51C45E7F8006B1313 /* Release */,
			);
			defaultConfigurationIsVisible = 0;
			defaultConfigurationName = Release;
		};
		0EEA23B61C45E7F8006B1313 /* Build configuration list for PBXNativeTarget "AdvancedSwiftPractice" */ = {
			isa = XCConfigurationList;
			buildConfigurations = (
				0EEA23B71C45E7F8006B1313 /* Debug */,
				0EEA23B81C45E7F8006B1313 /* Release */,
			);
			defaultConfigurationIsVisible = 0;
			defaultConfigurationName = Release;
		};
		0EEA23B91C45E7F8006B1313 /* Build configuration list for PBXNativeTarget "AdvancedSwiftPracticeTests" */ = {
			isa = XCConfigurationList;
			buildConfigurations = (
				0EEA23BA1C45E7F8006B1313 /* Debug */,
				0EEA23BB1C45E7F8006B1313 /* Release */,
			);
			defaultConfigurationIsVisible = 0;
			defaultConfigurationName = Release;
		};
		0EEA23BC1C45E7F8006B1313 /* Build configuration list for PBXNativeTarget "AdvancedSwiftPracticeUITests" */ = {
			isa = XCConfigurationList;
			buildConfigurations = (
				0EEA23BD1C45E7F8006B1313 /* Debug */,
				0EEA23BE1C45E7F8006B1313 /* Release */,
			);
			defaultConfigurationIsVisible = 0;
			defaultConfigurationName = Release;
		};
/* End XCConfigurationList section */
	};
	rootObject = 0EEA23861C45E7F7006B1313 /* Project object */;
}
